
Microsoft Visual Studio Solution File, Format Version 12.00
# Visual Studio 15
VisualStudioVersion = 15.0.28307.645
MinimumVisualStudioVersion = 10.0.40219.1
Project("{FAE04EC0-301F-11D3-BF4B-00C04F79EFBC}") = "Markit.PET.AdminPanel.UI", "Markit.PET.AdminPanel.UI\Markit.PET.AdminPanel.UI.csproj", "{3DDA63C1-DE0E-44D1-9632-21CA1D9FE571}"
EndProject
Project("{FAE04EC0-301F-11D3-BF4B-00C04F79EFBC}") = "Markit.PET.AdminPanel.UI.Tests", "Markit.PET.AdminPanel.UI.Tests\Markit.PET.AdminPanel.UI.Tests.csproj", "{4241C07C-E6B5-4ECB-B479-94E9A3C3D8C9}"
EndProject
Global
	GlobalSection(SolutionConfigurationPlatforms) = preSolution
		Debug|Any CPU = Debug|Any CPU
		Release|Any CPU = Release|Any CPU
	EndGlobalSection
	GlobalSection(ProjectConfigurationPlatforms) = postSolution
		{3DDA63C1-DE0E-44D1-9632-21CA1D9FE571}.Debug|Any CPU.ActiveCfg = Debug|Any CPU
		{3DDA63C1-DE0E-44D1-9632-21CA1D9FE571}.Debug|Any CPU.Build.0 = Debug|Any CPU
		{3DDA63C1-DE0E-44D1-9632-21CA1D9FE571}.Release|Any CPU.ActiveCfg = Release|Any CPU
		{3DDA63C1-DE0E-44D1-9632-21CA1D9FE571}.Release|Any CPU.Build.0 = Release|Any CPU
		{4241C07C-E6B5-4ECB-B479-94E9A3C3D8C9}.Debug|Any CPU.ActiveCfg = Debug|Any CPU
		{4241C07C-E6B5-4ECB-B479-94E9A3C3D8C9}.Debug|Any CPU.Build.0 = Debug|Any CPU
		{4241C07C-E6B5-4ECB-B479-94E9A3C3D8C9}.Release|Any CPU.ActiveCfg = Release|Any CPU
		{4241C07C-E6B5-4ECB-B479-94E9A3C3D8C9}.Release|Any CPU.Build.0 = Release|Any CPU
	EndGlobalSection
	GlobalSection(SolutionProperties) = preSolution
		HideSolutionNode = FALSE
	EndGlobalSection
	GlobalSection(ExtensibilityGlobals) = postSolution
		SolutionGuid = {A634CD5C-CA74-45D0-84D8-194A80B1CEBC}
	EndGlobalSection
EndGlobal
